// !$*UTF8*$!
{
	archiveVersion = 1;
	classes = {
	};
	objectVersion = 51;
	objects = {

/* Begin PBXBuildFile section */
		85676BDD4453A2C245642CBD /* Pods_MapApp.framework in Frameworks */ = {isa = PBXBuildFile; fileRef = 7F46DEB04689AE66CE1B607F /* Pods_MapApp.framework */; };
		E145D36A25EB26D200440508 /* Report.swift in Sources */ = {isa = PBXBuildFile; fileRef = E145D36925EB26D200440508 /* Report.swift */; };
		E145D36D25EB26DD00440508 /* PlannedCommute.swift in Sources */ = {isa = PBXBuildFile; fileRef = E145D36C25EB26DD00440508 /* PlannedCommute.swift */; };
		E145D37025EB27B400440508 /* GoogleService-Info.plist in Resources */ = {isa = PBXBuildFile; fileRef = E145D36F25EB27B400440508 /* GoogleService-Info.plist */; };
		E15A650325E9D6790075B15C /* AppDelegate.swift in Sources */ = {isa = PBXBuildFile; fileRef = E15A650225E9D6790075B15C /* AppDelegate.swift */; };
		E15A650525E9D67A0075B15C /* SceneDelegate.swift in Sources */ = {isa = PBXBuildFile; fileRef = E15A650425E9D67A0075B15C /* SceneDelegate.swift */; };
		E15A650725E9D67A0075B15C /* ContentView.swift in Sources */ = {isa = PBXBuildFile; fileRef = E15A650625E9D67A0075B15C /* ContentView.swift */; };
		E15A650925E9D67C0075B15C /* Assets.xcassets in Resources */ = {isa = PBXBuildFile; fileRef = E15A650825E9D67C0075B15C /* Assets.xcassets */; };
		E15A650C25E9D67C0075B15C /* Preview Assets.xcassets in Resources */ = {isa = PBXBuildFile; fileRef = E15A650B25E9D67C0075B15C /* Preview Assets.xcassets */; };
		E15A650F25E9D67C0075B15C /* LaunchScreen.storyboard in Resources */ = {isa = PBXBuildFile; fileRef = E15A650D25E9D67C0075B15C /* LaunchScreen.storyboard */; };
		E15A651825E9DAE20075B15C /* HomeView.swift in Sources */ = {isa = PBXBuildFile; fileRef = E15A651725E9DAE20075B15C /* HomeView.swift */; };
		E15A652125E9DD330075B15C /* MapView.swift in Sources */ = {isa = PBXBuildFile; fileRef = E15A652025E9DD330075B15C /* MapView.swift */; };
		E15A652425E9DD790075B15C /* HeaderView.swift in Sources */ = {isa = PBXBuildFile; fileRef = E15A652325E9DD790075B15C /* HeaderView.swift */; };
		E15A652825EA5CE80075B15C /* Route.swift in Sources */ = {isa = PBXBuildFile; fileRef = E15A652725EA5CE80075B15C /* Route.swift */; };
		E15A652B25EA5D070075B15C /* RouteAnnotation.swift in Sources */ = {isa = PBXBuildFile; fileRef = E15A652A25EA5D070075B15C /* RouteAnnotation.swift */; };
		E15A653025EA5D2A0075B15C /* RouteBuilder.swift in Sources */ = {isa = PBXBuildFile; fileRef = E15A652F25EA5D2A0075B15C /* RouteBuilder.swift */; };
		E15A653325EA5D3E0075B15C /* Extensions.swift in Sources */ = {isa = PBXBuildFile; fileRef = E15A653225EA5D3E0075B15C /* Extensions.swift */; };
		E15A653825EA5E180075B15C /* LocationManager.swift in Sources */ = {isa = PBXBuildFile; fileRef = E15A653725EA5E180075B15C /* LocationManager.swift */; };
		E15A654025EA666A0075B15C /* DirectionsView.swift in Sources */ = {isa = PBXBuildFile; fileRef = E15A653F25EA666A0075B15C /* DirectionsView.swift */; };
		E15A654325EA69E20075B15C /* DirectionRow.swift in Sources */ = {isa = PBXBuildFile; fileRef = E15A654225EA69E20075B15C /* DirectionRow.swift */; };
		E15A654825EA80E50075B15C /* ArivalInputView.swift in Sources */ = {isa = PBXBuildFile; fileRef = E15A654725EA80E40075B15C /* ArivalInputView.swift */; };
		E15A654B25EA843E0075B15C /* LocList.swift in Sources */ = {isa = PBXBuildFile; fileRef = E15A654A25EA843E0075B15C /* LocList.swift */; };
		E15A655225EA9F910075B15C /* BottomSheet.swift in Sources */ = {isa = PBXBuildFile; fileRef = E15A655125EA9F910075B15C /* BottomSheet.swift */; };
		E15A655625EAA0A60075B15C /* BottomView.swift in Sources */ = {isa = PBXBuildFile; fileRef = E15A655525EAA0A60075B15C /* BottomView.swift */; };
		E1F4E6D925EABF0400074E31 /* ReportView.swift in Sources */ = {isa = PBXBuildFile; fileRef = E1F4E6D825EABF0400074E31 /* ReportView.swift */; };
		E1F4E6DF25EB0F5100074E31 /* StoresView.swift in Sources */ = {isa = PBXBuildFile; fileRef = E1F4E6DE25EB0F5000074E31 /* StoresView.swift */; };
/* End PBXBuildFile section */

/* Begin PBXFileReference section */
		7F46DEB04689AE66CE1B607F /* Pods_MapApp.framework */ = {isa = PBXFileReference; explicitFileType = wrapper.framework; includeInIndex = 0; path = Pods_MapApp.framework; sourceTree = BUILT_PRODUCTS_DIR; };
		9E78279E5EEDC849FD50085A /* Pods-MapApp.debug.xcconfig */ = {isa = PBXFileReference; includeInIndex = 1; lastKnownFileType = text.xcconfig; name = "Pods-MapApp.debug.xcconfig"; path = "Target Support Files/Pods-MapApp/Pods-MapApp.debug.xcconfig"; sourceTree = "<group>"; };
		E145D36925EB26D200440508 /* Report.swift */ = {isa = PBXFileReference; lastKnownFileType = sourcecode.swift; path = Report.swift; sourceTree = "<group>"; };
		E145D36C25EB26DD00440508 /* PlannedCommute.swift */ = {isa = PBXFileReference; lastKnownFileType = sourcecode.swift; path = PlannedCommute.swift; sourceTree = "<group>"; };
		E145D36F25EB27B400440508 /* GoogleService-Info.plist */ = {isa = PBXFileReference; fileEncoding = 4; lastKnownFileType = text.plist.xml; path = "GoogleService-Info.plist"; sourceTree = "<group>"; };
		E15A64FF25E9D6790075B15C /* MapApp.app */ = {isa = PBXFileReference; explicitFileType = wrapper.application; includeInIndex = 0; path = MapApp.app; sourceTree = BUILT_PRODUCTS_DIR; };
		E15A650225E9D6790075B15C /* AppDelegate.swift */ = {isa = PBXFileReference; lastKnownFileType = sourcecode.swift; path = AppDelegate.swift; sourceTree = "<group>"; };
		E15A650425E9D67A0075B15C /* SceneDelegate.swift */ = {isa = PBXFileReference; lastKnownFileType = sourcecode.swift; path = SceneDelegate.swift; sourceTree = "<group>"; };
		E15A650625E9D67A0075B15C /* ContentView.swift */ = {isa = PBXFileReference; lastKnownFileType = sourcecode.swift; path = ContentView.swift; sourceTree = "<group>"; };
		E15A650825E9D67C0075B15C /* Assets.xcassets */ = {isa = PBXFileReference; lastKnownFileType = folder.assetcatalog; path = Assets.xcassets; sourceTree = "<group>"; };
		E15A650B25E9D67C0075B15C /* Preview Assets.xcassets */ = {isa = PBXFileReference; lastKnownFileType = folder.assetcatalog; path = "Preview Assets.xcassets"; sourceTree = "<group>"; };
		E15A650E25E9D67C0075B15C /* Base */ = {isa = PBXFileReference; lastKnownFileType = file.storyboard; name = Base; path = Base.lproj/LaunchScreen.storyboard; sourceTree = "<group>"; };
		E15A651025E9D67C0075B15C /* Info.plist */ = {isa = PBXFileReference; lastKnownFileType = text.plist.xml; path = Info.plist; sourceTree = "<group>"; };
		E15A651725E9DAE20075B15C /* HomeView.swift */ = {isa = PBXFileReference; lastKnownFileType = sourcecode.swift; path = HomeView.swift; sourceTree = "<group>"; };
		E15A652025E9DD330075B15C /* MapView.swift */ = {isa = PBXFileReference; lastKnownFileType = sourcecode.swift; path = MapView.swift; sourceTree = "<group>"; };
		E15A652325E9DD790075B15C /* HeaderView.swift */ = {isa = PBXFileReference; lastKnownFileType = sourcecode.swift; path = HeaderView.swift; sourceTree = "<group>"; };
		E15A652725EA5CE80075B15C /* Route.swift */ = {isa = PBXFileReference; lastKnownFileType = sourcecode.swift; path = Route.swift; sourceTree = "<group>"; };
		E15A652A25EA5D070075B15C /* RouteAnnotation.swift */ = {isa = PBXFileReference; lastKnownFileType = sourcecode.swift; path = RouteAnnotation.swift; sourceTree = "<group>"; };
		E15A652F25EA5D2A0075B15C /* RouteBuilder.swift */ = {isa = PBXFileReference; lastKnownFileType = sourcecode.swift; path = RouteBuilder.swift; sourceTree = "<group>"; };
		E15A653225EA5D3E0075B15C /* Extensions.swift */ = {isa = PBXFileReference; lastKnownFileType = sourcecode.swift; path = Extensions.swift; sourceTree = "<group>"; };
		E15A653725EA5E180075B15C /* LocationManager.swift */ = {isa = PBXFileReference; lastKnownFileType = sourcecode.swift; path = LocationManager.swift; sourceTree = "<group>"; };
		E15A653F25EA666A0075B15C /* DirectionsView.swift */ = {isa = PBXFileReference; lastKnownFileType = sourcecode.swift; path = DirectionsView.swift; sourceTree = "<group>"; };
		E15A654225EA69E20075B15C /* DirectionRow.swift */ = {isa = PBXFileReference; lastKnownFileType = sourcecode.swift; path = DirectionRow.swift; sourceTree = "<group>"; };
		E15A654725EA80E40075B15C /* ArivalInputView.swift */ = {isa = PBXFileReference; lastKnownFileType = sourcecode.swift; path = ArivalInputView.swift; sourceTree = "<group>"; };
		E15A654A25EA843E0075B15C /* LocList.swift */ = {isa = PBXFileReference; lastKnownFileType = sourcecode.swift; path = LocList.swift; sourceTree = "<group>"; };
		E15A655125EA9F910075B15C /* BottomSheet.swift */ = {isa = PBXFileReference; lastKnownFileType = sourcecode.swift; path = BottomSheet.swift; sourceTree = "<group>"; };
		E15A655525EAA0A60075B15C /* BottomView.swift */ = {isa = PBXFileReference; lastKnownFileType = sourcecode.swift; path = BottomView.swift; sourceTree = "<group>"; };
		E1F4E6D825EABF0400074E31 /* ReportView.swift */ = {isa = PBXFileReference; lastKnownFileType = sourcecode.swift; path = ReportView.swift; sourceTree = "<group>"; };
		E1F4E6DE25EB0F5000074E31 /* StoresView.swift */ = {isa = PBXFileReference; lastKnownFileType = sourcecode.swift; path = StoresView.swift; sourceTree = "<group>"; };
		F286C0CF0DEB1A8BE153F3FE /* Pods-MapApp.release.xcconfig */ = {isa = PBXFileReference; includeInIndex = 1; lastKnownFileType = text.xcconfig; name = "Pods-MapApp.release.xcconfig"; path = "Target Support Files/Pods-MapApp/Pods-MapApp.release.xcconfig"; sourceTree = "<group>"; };
/* End PBXFileReference section */

/* Begin PBXFrameworksBuildPhase section */
		E15A64FC25E9D6790075B15C /* Frameworks */ = {
			isa = PBXFrameworksBuildPhase;
			buildActionMask = 2147483647;
			files = (
				85676BDD4453A2C245642CBD /* Pods_MapApp.framework in Frameworks */,
			);
			runOnlyForDeploymentPostprocessing = 0;
		};
/* End PBXFrameworksBuildPhase section */

/* Begin PBXGroup section */
		13C9B480E9F50BBA12E4E9FE /* Pods */ = {
			isa = PBXGroup;
			children = (
				9E78279E5EEDC849FD50085A /* Pods-MapApp.debug.xcconfig */,
				F286C0CF0DEB1A8BE153F3FE /* Pods-MapApp.release.xcconfig */,
			);
			path = Pods;
			sourceTree = "<group>";
		};
		362B7BB5F16600201808B9D1 /* Frameworks */ = {
			isa = PBXGroup;
			children = (
				7F46DEB04689AE66CE1B607F /* Pods_MapApp.framework */,
			);
			name = Frameworks;
			sourceTree = "<group>";
		};
		E15A64F625E9D6790075B15C = {
			isa = PBXGroup;
			children = (
				E15A650125E9D6790075B15C /* MapApp */,
				E15A650025E9D6790075B15C /* Products */,
				13C9B480E9F50BBA12E4E9FE /* Pods */,
				362B7BB5F16600201808B9D1 /* Frameworks */,
			);
			sourceTree = "<group>";
		};
		E15A650025E9D6790075B15C /* Products */ = {
			isa = PBXGroup;
			children = (
				E15A64FF25E9D6790075B15C /* MapApp.app */,
			);
			name = Products;
			sourceTree = "<group>";
		};
		E15A650125E9D6790075B15C /* MapApp */ = {
			isa = PBXGroup;
			children = (
				E15A650225E9D6790075B15C /* AppDelegate.swift */,
				E15A650425E9D67A0075B15C /* SceneDelegate.swift */,
				E145D36F25EB27B400440508 /* GoogleService-Info.plist */,
				E15A653A25EA5E1F0075B15C /* Managers */,
				E15A653525EA5D740075B15C /* Extensions */,
				E15A652D25EA5D0C0075B15C /* Model */,
				E15A651D25E9DC0C0075B15C /* Views */,
				E15A650825E9D67C0075B15C /* Assets.xcassets */,
				E15A650D25E9D67C0075B15C /* LaunchScreen.storyboard */,
				E15A651025E9D67C0075B15C /* Info.plist */,
				E15A650A25E9D67C0075B15C /* Preview Content */,
			);
			path = MapApp;
			sourceTree = "<group>";
		};
		E15A650A25E9D67C0075B15C /* Preview Content */ = {
			isa = PBXGroup;
			children = (
				E15A650B25E9D67C0075B15C /* Preview Assets.xcassets */,
			);
			path = "Preview Content";
			sourceTree = "<group>";
		};
		E15A651D25E9DC0C0075B15C /* Views */ = {
			isa = PBXGroup;
			children = (
				E15A650625E9D67A0075B15C /* ContentView.swift */,
				E15A654725EA80E40075B15C /* ArivalInputView.swift */,
				E15A654A25EA843E0075B15C /* LocList.swift */,
				E15A655825EAA0A90075B15C /* Bottom */,
				E15A653D25EA665C0075B15C /* Home */,
			);
			path = Views;
			sourceTree = "<group>";
		};
		E15A652D25EA5D0C0075B15C /* Model */ = {
			isa = PBXGroup;
			children = (
				E15A652725EA5CE80075B15C /* Route.swift */,
				E145D36925EB26D200440508 /* Report.swift */,
				E145D36C25EB26DD00440508 /* PlannedCommute.swift */,
				E15A652A25EA5D070075B15C /* RouteAnnotation.swift */,
			);
			path = Model;
			sourceTree = "<group>";
		};
		E15A653525EA5D740075B15C /* Extensions */ = {
			isa = PBXGroup;
			children = (
				E15A653225EA5D3E0075B15C /* Extensions.swift */,
			);
			path = Extensions;
			sourceTree = "<group>";
		};
		E15A653A25EA5E1F0075B15C /* Managers */ = {
			isa = PBXGroup;
			children = (
				E15A652F25EA5D2A0075B15C /* RouteBuilder.swift */,
				E15A653725EA5E180075B15C /* LocationManager.swift */,
			);
			path = Managers;
			sourceTree = "<group>";
		};
		E15A653D25EA665C0075B15C /* Home */ = {
			isa = PBXGroup;
			children = (
				E15A651725E9DAE20075B15C /* HomeView.swift */,
				E15A652325E9DD790075B15C /* HeaderView.swift */,
				E15A652025E9DD330075B15C /* MapView.swift */,
			);
			path = Home;
			sourceTree = "<group>";
		};
		E15A654525EA7EAE0075B15C /* Directions */ = {
			isa = PBXGroup;
			children = (
				E15A653F25EA666A0075B15C /* DirectionsView.swift */,
				E15A654225EA69E20075B15C /* DirectionRow.swift */,
			);
			path = Directions;
			sourceTree = "<group>";
		};
		E15A655825EAA0A90075B15C /* Bottom */ = {
			isa = PBXGroup;
			children = (
				E1F4E6DE25EB0F5000074E31 /* StoresView.swift */,
				E1F4E6DB25EABF0B00074E31 /* Report */,
				E15A654525EA7EAE0075B15C /* Directions */,
				E15A655125EA9F910075B15C /* BottomSheet.swift */,
				E15A655525EAA0A60075B15C /* BottomView.swift */,
			);
			path = Bottom;
			sourceTree = "<group>";
		};
		E1F4E6DB25EABF0B00074E31 /* Report */ = {
			isa = PBXGroup;
			children = (
				E1F4E6D825EABF0400074E31 /* ReportView.swift */,
			);
			path = Report;
			sourceTree = "<group>";
		};
/* End PBXGroup section */

/* Begin PBXNativeTarget section */
		E15A64FE25E9D6790075B15C /* MapApp */ = {
			isa = PBXNativeTarget;
			buildConfigurationList = E15A651325E9D67C0075B15C /* Build configuration list for PBXNativeTarget "MapApp" */;
			buildPhases = (
				B2D8F64673CC3A993D75A6E2 /* [CP] Check Pods Manifest.lock */,
				E15A64FB25E9D6790075B15C /* Sources */,
				E15A64FC25E9D6790075B15C /* Frameworks */,
				E15A64FD25E9D6790075B15C /* Resources */,
				27B1C3163A102A4BBBF259F0 /* [CP] Embed Pods Frameworks */,
			);
			buildRules = (
			);
			dependencies = (
			);
			name = MapApp;
			productName = MapApp;
			productReference = E15A64FF25E9D6790075B15C /* MapApp.app */;
			productType = "com.apple.product-type.application";
		};
/* End PBXNativeTarget section */

/* Begin PBXProject section */
		E15A64F725E9D6790075B15C /* Project object */ = {
			isa = PBXProject;
			attributes = {
				LastSwiftUpdateCheck = 1230;
				LastUpgradeCheck = 1230;
				TargetAttributes = {
					E15A64FE25E9D6790075B15C = {
						CreatedOnToolsVersion = 12.3;
					};
				};
			};
			buildConfigurationList = E15A64FA25E9D6790075B15C /* Build configuration list for PBXProject "MapApp" */;
			compatibilityVersion = "Xcode 9.3";
			developmentRegion = en;
			hasScannedForEncodings = 0;
			knownRegions = (
				en,
				Base,
			);
			mainGroup = E15A64F625E9D6790075B15C;
			productRefGroup = E15A650025E9D6790075B15C /* Products */;
			projectDirPath = "";
			projectRoot = "";
			targets = (
				E15A64FE25E9D6790075B15C /* MapApp */,
			);
		};
/* End PBXProject section */

/* Begin PBXResourcesBuildPhase section */
		E15A64FD25E9D6790075B15C /* Resources */ = {
			isa = PBXResourcesBuildPhase;
			buildActionMask = 2147483647;
			files = (
				E15A650F25E9D67C0075B15C /* LaunchScreen.storyboard in Resources */,
				E145D37025EB27B400440508 /* GoogleService-Info.plist in Resources */,
				E15A650C25E9D67C0075B15C /* Preview Assets.xcassets in Resources */,
				E15A650925E9D67C0075B15C /* Assets.xcassets in Resources */,
			);
			runOnlyForDeploymentPostprocessing = 0;
		};
/* End PBXResourcesBuildPhase section */

/* Begin PBXShellScriptBuildPhase section */
		27B1C3163A102A4BBBF259F0 /* [CP] Embed Pods Frameworks */ = {
			isa = PBXShellScriptBuildPhase;
			buildActionMask = 2147483647;
			files = (
			);
			inputFileListPaths = (
				"${PODS_ROOT}/Target Support Files/Pods-MapApp/Pods-MapApp-frameworks-${CONFIGURATION}-input-files.xcfilelist",
			);
			name = "[CP] Embed Pods Frameworks";
			outputFileListPaths = (
				"${PODS_ROOT}/Target Support Files/Pods-MapApp/Pods-MapApp-frameworks-${CONFIGURATION}-output-files.xcfilelist",
			);
			runOnlyForDeploymentPostprocessing = 0;
			shellPath = /bin/sh;
			shellScript = "\"${PODS_ROOT}/Target Support Files/Pods-MapApp/Pods-MapApp-frameworks.sh\"\n";
			showEnvVarsInLog = 0;
		};
		B2D8F64673CC3A993D75A6E2 /* [CP] Check Pods Manifest.lock */ = {
			isa = PBXShellScriptBuildPhase;
			buildActionMask = 2147483647;
			files = (
			);
			inputFileListPaths = (
			);
			inputPaths = (
				"${PODS_PODFILE_DIR_PATH}/Podfile.lock",
				"${PODS_ROOT}/Manifest.lock",
			);
			name = "[CP] Check Pods Manifest.lock";
			outputFileListPaths = (
			);
			outputPaths = (
				"$(DERIVED_FILE_DIR)/Pods-MapApp-checkManifestLockResult.txt",
			);
			runOnlyForDeploymentPostprocessing = 0;
			shellPath = /bin/sh;
			shellScript = "diff \"${PODS_PODFILE_DIR_PATH}/Podfile.lock\" \"${PODS_ROOT}/Manifest.lock\" > /dev/null\nif [ $? != 0 ] ; then\n    # print error to STDERR\n    echo \"error: The sandbox is not in sync with the Podfile.lock. Run 'pod install' or update your CocoaPods installation.\" >&2\n    exit 1\nfi\n# This output is used by Xcode 'outputs' to avoid re-running this script phase.\necho \"SUCCESS\" > \"${SCRIPT_OUTPUT_FILE_0}\"\n";
			showEnvVarsInLog = 0;
		};
/* End PBXShellScriptBuildPhase section */

/* Begin PBXSourcesBuildPhase section */
		E15A64FB25E9D6790075B15C /* Sources */ = {
			isa = PBXSourcesBuildPhase;
			buildActionMask = 2147483647;
			files = (
				E15A650325E9D6790075B15C /* AppDelegate.swift in Sources */,
				E15A652425E9DD790075B15C /* HeaderView.swift in Sources */,
				E15A652B25EA5D070075B15C /* RouteAnnotation.swift in Sources */,
				E15A653825EA5E180075B15C /* LocationManager.swift in Sources */,
				E15A654825EA80E50075B15C /* ArivalInputView.swift in Sources */,
				E15A651825E9DAE20075B15C /* HomeView.swift in Sources */,
				E15A652125E9DD330075B15C /* MapView.swift in Sources */,
				E15A653325EA5D3E0075B15C /* Extensions.swift in Sources */,
				E15A650525E9D67A0075B15C /* SceneDelegate.swift in Sources */,
				E1F4E6DF25EB0F5100074E31 /* StoresView.swift in Sources */,
				E15A652825EA5CE80075B15C /* Route.swift in Sources */,
				E145D36D25EB26DD00440508 /* PlannedCommute.swift in Sources */,
				E145D36A25EB26D200440508 /* Report.swift in Sources */,
				E15A655225EA9F910075B15C /* BottomSheet.swift in Sources */,
				E15A654B25EA843E0075B15C /* LocList.swift in Sources */,
				E15A653025EA5D2A0075B15C /* RouteBuilder.swift in Sources */,
				E15A654025EA666A0075B15C /* DirectionsView.swift in Sources */,
				E1F4E6D925EABF0400074E31 /* ReportView.swift in Sources */,
				E15A654325EA69E20075B15C /* DirectionRow.swift in Sources */,
				E15A655625EAA0A60075B15C /* BottomView.swift in Sources */,
				E15A650725E9D67A0075B15C /* ContentView.swift in Sources */,
			);
			runOnlyForDeploymentPostprocessing = 0;
		};
/* End PBXSourcesBuildPhase section */

/* Begin PBXVariantGroup section */
		E15A650D25E9D67C0075B15C /* LaunchScreen.storyboard */ = {
			isa = PBXVariantGroup;
			children = (
				E15A650E25E9D67C0075B15C /* Base */,
			);
			name = LaunchScreen.storyboard;
			sourceTree = "<group>";
		};
/* End PBXVariantGroup section */

/* Begin XCBuildConfiguration section */
		E15A651125E9D67C0075B15C /* Debug */ = {
			isa = XCBuildConfiguration;
			buildSettings = {
				ALWAYS_SEARCH_USER_PATHS = NO;
				CLANG_ANALYZER_NONNULL = YES;
				CLANG_ANALYZER_NUMBER_OBJECT_CONVERSION = YES_AGGRESSIVE;
				CLANG_CXX_LANGUAGE_STANDARD = "gnu++14";
				CLANG_CXX_LIBRARY = "libc++";
				CLANG_ENABLE_MODULES = YES;
				CLANG_ENABLE_OBJC_ARC = YES;
				CLANG_ENABLE_OBJC_WEAK = YES;
				CLANG_WARN_BLOCK_CAPTURE_AUTORELEASING = YES;
				CLANG_WARN_BOOL_CONVERSION = YES;
				CLANG_WARN_COMMA = YES;
				CLANG_WARN_CONSTANT_CONVERSION = YES;
				CLANG_WARN_DEPRECATED_OBJC_IMPLEMENTATIONS = YES;
				CLANG_WARN_DIRECT_OBJC_ISA_USAGE = YES_ERROR;
				CLANG_WARN_DOCUMENTATION_COMMENTS = YES;
				CLANG_WARN_EMPTY_BODY = YES;
				CLANG_WARN_ENUM_CONVERSION = YES;
				CLANG_WARN_INFINITE_RECURSION = YES;
				CLANG_WARN_INT_CONVERSION = YES;
				CLANG_WARN_NON_LITERAL_NULL_CONVERSION = YES;
				CLANG_WARN_OBJC_IMPLICIT_RETAIN_SELF = YES;
				CLANG_WARN_OBJC_LITERAL_CONVERSION = YES;
				CLANG_WARN_OBJC_ROOT_CLASS = YES_ERROR;
				CLANG_WARN_QUOTED_INCLUDE_IN_FRAMEWORK_HEADER = YES;
				CLANG_WARN_RANGE_LOOP_ANALYSIS = YES;
				CLANG_WARN_STRICT_PROTOTYPES = YES;
				CLANG_WARN_SUSPICIOUS_MOVE = YES;
				CLANG_WARN_UNGUARDED_AVAILABILITY = YES_AGGRESSIVE;
				CLANG_WARN_UNREACHABLE_CODE = YES;
				CLANG_WARN__DUPLICATE_METHOD_MATCH = YES;
				COPY_PHASE_STRIP = NO;
				DEBUG_INFORMATION_FORMAT = dwarf;
				ENABLE_STRICT_OBJC_MSGSEND = YES;
				ENABLE_TESTABILITY = YES;
				GCC_C_LANGUAGE_STANDARD = gnu11;
				GCC_DYNAMIC_NO_PIC = NO;
				GCC_NO_COMMON_BLOCKS = YES;
				GCC_OPTIMIZATION_LEVEL = 0;
				GCC_PREPROCESSOR_DEFINITIONS = (
					"DEBUG=1",
					"$(inherited)",
				);
				GCC_WARN_64_TO_32_BIT_CONVERSION = YES;
				GCC_WARN_ABOUT_RETURN_TYPE = YES_ERROR;
				GCC_WARN_UNDECLARED_SELECTOR = YES;
				GCC_WARN_UNINITIALIZED_AUTOS = YES_AGGRESSIVE;
				GCC_WARN_UNUSED_FUNCTION = YES;
				GCC_WARN_UNUSED_VARIABLE = YES;
				IPHONEOS_DEPLOYMENT_TARGET = 14.3;
				MTL_ENABLE_DEBUG_INFO = INCLUDE_SOURCE;
				MTL_FAST_MATH = YES;
				ONLY_ACTIVE_ARCH = YES;
				SDKROOT = iphoneos;
				SWIFT_ACTIVE_COMPILATION_CONDITIONS = DEBUG;
				SWIFT_OPTIMIZATION_LEVEL = "-Onone";
			};
			name = Debug;
		};
		E15A651225E9D67C0075B15C /* Release */ = {
			isa = XCBuildConfiguration;
			buildSettings = {
				ALWAYS_SEARCH_USER_PATHS = NO;
				CLANG_ANALYZER_NONNULL = YES;
				CLANG_ANALYZER_NUMBER_OBJECT_CONVERSION = YES_AGGRESSIVE;
				CLANG_CXX_LANGUAGE_STANDARD = "gnu++14";
				CLANG_CXX_LIBRARY = "libc++";
				CLANG_ENABLE_MODULES = YES;
				CLANG_ENABLE_OBJC_ARC = YES;
				CLANG_ENABLE_OBJC_WEAK = YES;
				CLANG_WARN_BLOCK_CAPTURE_AUTORELEASING = YES;
				CLANG_WARN_BOOL_CONVERSION = YES;
				CLANG_WARN_COMMA = YES;
				CLANG_WARN_CONSTANT_CONVERSION = YES;
				CLANG_WARN_DEPRECATED_OBJC_IMPLEMENTATIONS = YES;
				CLANG_WARN_DIRECT_OBJC_ISA_USAGE = YES_ERROR;
				CLANG_WARN_DOCUMENTATION_COMMENTS = YES;
				CLANG_WARN_EMPTY_BODY = YES;
				CLANG_WARN_ENUM_CONVERSION = YES;
				CLANG_WARN_INFINITE_RECURSION = YES;
				CLANG_WARN_INT_CONVERSION = YES;
				CLANG_WARN_NON_LITERAL_NULL_CONVERSION = YES;
				CLANG_WARN_OBJC_IMPLICIT_RETAIN_SELF = YES;
				CLANG_WARN_OBJC_LITERAL_CONVERSION = YES;
				CLANG_WARN_OBJC_ROOT_CLASS = YES_ERROR;
				CLANG_WARN_QUOTED_INCLUDE_IN_FRAMEWORK_HEADER = YES;
				CLANG_WARN_RANGE_LOOP_ANALYSIS = YES;
				CLANG_WARN_STRICT_PROTOTYPES = YES;
				CLANG_WARN_SUSPICIOUS_MOVE = YES;
				CLANG_WARN_UNGUARDED_AVAILABILITY = YES_AGGRESSIVE;
				CLANG_WARN_UNREACHABLE_CODE = YES;
				CLANG_WARN__DUPLICATE_METHOD_MATCH = YES;
				COPY_PHASE_STRIP = NO;
				DEBUG_INFORMATION_FORMAT = "dwarf-with-dsym";
				ENABLE_NS_ASSERTIONS = NO;
				ENABLE_STRICT_OBJC_MSGSEND = YES;
				GCC_C_LANGUAGE_STANDARD = gnu11;
				GCC_NO_COMMON_BLOCKS = YES;
				GCC_WARN_64_TO_32_BIT_CONVERSION = YES;
				GCC_WARN_ABOUT_RETURN_TYPE = YES_ERROR;
				GCC_WARN_UNDECLARED_SELECTOR = YES;
				GCC_WARN_UNINITIALIZED_AUTOS = YES_AGGRESSIVE;
				GCC_WARN_UNUSED_FUNCTION = YES;
				GCC_WARN_UNUSED_VARIABLE = YES;
				IPHONEOS_DEPLOYMENT_TARGET = 14.3;
				MTL_ENABLE_DEBUG_INFO = NO;
				MTL_FAST_MATH = YES;
				SDKROOT = iphoneos;
				SWIFT_COMPILATION_MODE = wholemodule;
				SWIFT_OPTIMIZATION_LEVEL = "-O";
				VALIDATE_PRODUCT = YES;
			};
			name = Release;
		};
		E15A651425E9D67C0075B15C /* Debug */ = {
			isa = XCBuildConfiguration;
			baseConfigurationReference = 9E78279E5EEDC849FD50085A /* Pods-MapApp.debug.xcconfig */;
			buildSettings = {
				ASSETCATALOG_COMPILER_APPICON_NAME = AppIcon;
				ASSETCATALOG_COMPILER_GLOBAL_ACCENT_COLOR_NAME = AccentColor;
				CODE_SIGN_STYLE = Automatic;
				DEVELOPMENT_ASSET_PATHS = "\"MapApp/Preview Content\"";
				DEVELOPMENT_TEAM = MC27HKM86M;
				ENABLE_PREVIEWS = YES;
				INFOPLIST_FILE = MapApp/Info.plist;
				LD_RUNPATH_SEARCH_PATHS = (
					"$(inherited)",
					"@executable_path/Frameworks",
				);
				PRODUCT_BUNDLE_IDENTIFIER = com.Ai.MapApp;
				PRODUCT_NAME = "$(TARGET_NAME)";
				SWIFT_VERSION = 5.0;
				TARGETED_DEVICE_FAMILY = "1,2";
			};
			name = Debug;
		};
		E15A651525E9D67C0075B15C /* Release */ = {
			isa = XCBuildConfiguration;
			baseConfigurationReference = F286C0CF0DEB1A8BE153F3FE /* Pods-MapApp.release.xcconfig */;
			buildSettings = {
				ASSETCATALOG_COMPILER_APPICON_NAME = AppIcon;
				ASSETCATALOG_COMPILER_GLOBAL_ACCENT_COLOR_NAME = AccentColor;
				CODE_SIGN_STYLE = Automatic;
				DEVELOPMENT_ASSET_PATHS = "\"MapApp/Preview Content\"";
				DEVELOPMENT_TEAM = MC27HKM86M;
				ENABLE_PREVIEWS = YES;
				INFOPLIST_FILE = MapApp/Info.plist;
				LD_RUNPATH_SEARCH_PATHS = (
					"$(inherited)",
					"@executable_path/Frameworks",
				);
				PRODUCT_BUNDLE_IDENTIFIER = com.Ai.MapApp;
				PRODUCT_NAME = "$(TARGET_NAME)";
				SWIFT_VERSION = 5.0;
				TARGETED_DEVICE_FAMILY = "1,2";
			};
			name = Release;
		};
/* End XCBuildConfiguration section */

/* Begin XCConfigurationList section */
		E15A64FA25E9D6790075B15C /* Build configuration list for PBXProject "MapApp" */ = {
			isa = XCConfigurationList;
			buildConfigurations = (
				E15A651125E9D67C0075B15C /* Debug */,
				E15A651225E9D67C0075B15C /* Release */,
			);
			defaultConfigurationIsVisible = 0;
			defaultConfigurationName = Release;
		};
		E15A651325E9D67C0075B15C /* Build configuration list for PBXNativeTarget "MapApp" */ = {
			isa = XCConfigurationList;
			buildConfigurations = (
				E15A651425E9D67C0075B15C /* Debug */,
				E15A651525E9D67C0075B15C /* Release */,
			);
			defaultConfigurationIsVisible = 0;
			defaultConfigurationName = Release;
		};
/* End XCConfigurationList section */
	};
	rootObject = E15A64F725E9D6790075B15C /* Project object */;
}
